
Microsoft Visual Studio Solution File, Format Version 12.00
# Visual Studio Version 17
VisualStudioVersion = 17.0.31903.59
MinimumVisualStudioVersion = 10.0.40219.1
Project("{FAE04EC0-301F-11D3-BF4B-00C04F79EFBC}") = "GrpcServiceApp", "GrpcServiceApp\GrpcServiceApp.csproj", "{1D9E7EEF-B1E9-4E42-8CB1-64BEDF7D366F}"
EndProject
Project("{FAE04EC0-301F-11D3-BF4B-00C04F79EFBC}") = "GrpcDependencies", "GrpcDependencies\GrpcDependencies.csproj", "{07CE6F3F-9904-4564-9AE5-179805E9A268}"
EndProject
Project("{FAE04EC0-301F-11D3-BF4B-00C04F79EFBC}") = "GrpcClient", "GrpcClient\GrpcClient.csproj", "{C5AFB648-2FAF-4658-9C95-2038DDAA9DA8}"
EndProject
Global
	GlobalSection(SolutionConfigurationPlatforms) = preSolution
		Debug|Any CPU = Debug|Any CPU
		Release|Any CPU = Release|Any CPU
	EndGlobalSection
	GlobalSection(SolutionProperties) = preSolution
		HideSolutionNode = FALSE
	EndGlobalSection
	GlobalSection(ProjectConfigurationPlatforms) = postSolution
		{1D9E7EEF-B1E9-4E42-8CB1-64BEDF7D366F}.Debug|Any CPU.ActiveCfg = Debug|Any CPU
		{1D9E7EEF-B1E9-4E42-8CB1-64BEDF7D366F}.Debug|Any CPU.Build.0 = Debug|Any CPU
		{1D9E7EEF-B1E9-4E42-8CB1-64BEDF7D366F}.Release|Any CPU.ActiveCfg = Release|Any CPU
		{1D9E7EEF-B1E9-4E42-8CB1-64BEDF7D366F}.Release|Any CPU.Build.0 = Release|Any CPU
		{07CE6F3F-9904-4564-9AE5-179805E9A268}.Debug|Any CPU.ActiveCfg = Debug|Any CPU
		{07CE6F3F-9904-4564-9AE5-179805E9A268}.Debug|Any CPU.Build.0 = Debug|Any CPU
		{07CE6F3F-9904-4564-9AE5-179805E9A268}.Release|Any CPU.ActiveCfg = Release|Any CPU
		{07CE6F3F-9904-4564-9AE5-179805E9A268}.Release|Any CPU.Build.0 = Release|Any CPU
		{C5AFB648-2FAF-4658-9C95-2038DDAA9DA8}.Debug|Any CPU.ActiveCfg = Debug|Any CPU
		{C5AFB648-2FAF-4658-9C95-2038DDAA9DA8}.Debug|Any CPU.Build.0 = Debug|Any CPU
		{C5AFB648-2FAF-4658-9C95-2038DDAA9DA8}.Release|Any CPU.ActiveCfg = Release|Any CPU
		{C5AFB648-2FAF-4658-9C95-2038DDAA9DA8}.Release|Any CPU.Build.0 = Release|Any CPU
	EndGlobalSection
EndGlobal
